
Microsoft Visual Studio Solution File, Format Version 12.00
# Visual Studio Version 17
VisualStudioVersion = 17.14.36511.14 d17.14
MinimumVisualStudioVersion = 10.0.40219.1
Project("{FAE04EC0-301F-11D3-BF4B-00C04F79EFBC}") = "RenaperAPI", "RenaperAPI\RenaperAPI.csproj", "{8DE31EB0-8B55-48C7-9395-E624EE44C559}"
EndProject
Project("{FAE04EC0-301F-11D3-BF4B-00C04F79EFBC}") = "RenaperWeb", "RenaperWeb\RenaperWeb.csproj", "{42CE552D-0287-41E8-A1D4-CC620F03E96C}"
EndProject
Global
	GlobalSection(SolutionConfigurationPlatforms) = preSolution
		Debug|Any CPU = Debug|Any CPU
		Release|Any CPU = Release|Any CPU
	EndGlobalSection
	GlobalSection(ProjectConfigurationPlatforms) = postSolution
		{8DE31EB0-8B55-48C7-9395-E624EE44C559}.Debug|Any CPU.ActiveCfg = Debug|Any CPU
		{8DE31EB0-8B55-48C7-9395-E624EE44C559}.Debug|Any CPU.Build.0 = Debug|Any CPU
		{8DE31EB0-8B55-48C7-9395-E624EE44C559}.Release|Any CPU.ActiveCfg = Release|Any CPU
		{8DE31EB0-8B55-48C7-9395-E624EE44C559}.Release|Any CPU.Build.0 = Release|Any CPU
		{42CE552D-0287-41E8-A1D4-CC620F03E96C}.Debug|Any CPU.ActiveCfg = Debug|Any CPU
		{42CE552D-0287-41E8-A1D4-CC620F03E96C}.Debug|Any CPU.Build.0 = Debug|Any CPU
		{42CE552D-0287-41E8-A1D4-CC620F03E96C}.Release|Any CPU.ActiveCfg = Release|Any CPU
		{42CE552D-0287-41E8-A1D4-CC620F03E96C}.Release|Any CPU.Build.0 = Release|Any CPU
	EndGlobalSection
	GlobalSection(SolutionProperties) = preSolution
		HideSolutionNode = FALSE
	EndGlobalSection
	GlobalSection(ExtensibilityGlobals) = postSolution
		SolutionGuid = {92147F57-33ED-4433-91A9-55678395C813}
	EndGlobalSection
EndGlobal
